Microsoft Visual Studio Solution File, Format Version 12.00
# Visual Studio Version 17
VisualStudioVersion = 17.5.2.0
MinimumVisualStudioVersion = 10.0.40219.1
Project("{FAE04EC0-301F-11D3-BF4B-00C04F79EFBC}") = "Parser", "Parser.csproj", "{EAFD5E76-3513-6743-52B9-B01C8D3714FF}"
EndProject
Global
	GlobalSection(SolutionConfigurationPlatforms) = preSolution
		Debug|Any CPU = Debug|Any CPU
		Release|Any CPU = Release|Any CPU
	EndGlobalSection
	GlobalSection(ProjectConfigurationPlatforms) = postSolution
		{EAFD5E76-3513-6743-52B9-B01C8D3714FF}.Debug|Any CPU.ActiveCfg = Debug|Any CPU
		{EAFD5E76-3513-6743-52B9-B01C8D3714FF}.Debug|Any CPU.Build.0 = Debug|Any CPU
		{EAFD5E76-3513-6743-52B9-B01C8D3714FF}.Release|Any CPU.ActiveCfg = Release|Any CPU
		{EAFD5E76-3513-6743-52B9-B01C8D3714FF}.Release|Any CPU.Build.0 = Release|Any CPU
	EndGlobalSection
	GlobalSection(SolutionProperties) = preSolution
		HideSolutionNode = FALSE
	EndGlobalSection
	GlobalSection(ExtensibilityGlobals) = postSolution
		SolutionGuid = {4C65751D-29A8-42A6-AFF8-385C4097C3BC}
	EndGlobalSection
EndGlobal
